
Microsoft Visual Studio Solution File, Format Version 12.00
# Visual Studio 15
VisualStudioVersion = 15.0.28307.168
MinimumVisualStudioVersion = 10.0.40219.1
Project("{FAE04EC0-301F-11D3-BF4B-00C04F79EFBC}") = "University", "University\University.csproj", "{C4E70BDF-545E-4E8C-9CA6-72FD18AF1FA1}"
EndProject
Global
	GlobalSection(SolutionConfigurationPlatforms) = preSolution
		Debug|Any CPU = Debug|Any CPU
		Release|Any CPU = Release|Any CPU
	EndGlobalSection
	GlobalSection(ProjectConfigurationPlatforms) = postSolution
		{C4E70BDF-545E-4E8C-9CA6-72FD18AF1FA1}.Debug|Any CPU.ActiveCfg = Debug|Any CPU
		{C4E70BDF-545E-4E8C-9CA6-72FD18AF1FA1}.Debug|Any CPU.Build.0 = Debug|Any CPU
		{C4E70BDF-545E-4E8C-9CA6-72FD18AF1FA1}.Release|Any CPU.ActiveCfg = Release|Any CPU
		{C4E70BDF-545E-4E8C-9CA6-72FD18AF1FA1}.Release|Any CPU.Build.0 = Release|Any CPU
	EndGlobalSection
	GlobalSection(SolutionProperties) = preSolution
		HideSolutionNode = FALSE
	EndGlobalSection
	GlobalSection(ExtensibilityGlobals) = postSolution
		SolutionGuid = {468201C3-5FFE-47A0-88FE-108696870DA0}
	EndGlobalSection
EndGlobal
